
Microsoft Visual Studio Solution File, Format Version 12.00
# Visual Studio Version 17
VisualStudioVersion = 17.6.33815.320
MinimumVisualStudioVersion = 10.0.40219.1
Project("{FAE04EC0-301F-11D3-BF4B-00C04F79EFBC}") = "Polymershism", "Polymershism.csproj", "{CFAC9FC9-7B2A-47AB-B940-C444D526497B}"
EndProject
Global
	GlobalSection(SolutionConfigurationPlatforms) = preSolution
		Debug|Any CPU = Debug|Any CPU
		Release|Any CPU = Release|Any CPU
	EndGlobalSection
	GlobalSection(ProjectConfigurationPlatforms) = postSolution
		{CFAC9FC9-7B2A-47AB-B940-C444D526497B}.Debug|Any CPU.ActiveCfg = Debug|Any CPU
		{CFAC9FC9-7B2A-47AB-B940-C444D526497B}.Debug|Any CPU.Build.0 = Debug|Any CPU
		{CFAC9FC9-7B2A-47AB-B940-C444D526497B}.Release|Any CPU.ActiveCfg = Release|Any CPU
		{CFAC9FC9-7B2A-47AB-B940-C444D526497B}.Release|Any CPU.Build.0 = Release|Any CPU
	EndGlobalSection
	GlobalSection(SolutionProperties) = preSolution
		HideSolutionNode = FALSE
	EndGlobalSection
	GlobalSection(ExtensibilityGlobals) = postSolution
		SolutionGuid = {C42AD5D4-DE86-4034-A5FB-CD795E3D02F1}
	EndGlobalSection
EndGlobal
